
Microsoft Visual Studio Solution File, Format Version 12.00
# Visual Studio Version 17
VisualStudioVersion = 17.14.36414.22 d17.14
MinimumVisualStudioVersion = 10.0.40219.1
Project("{FAE04EC0-301F-11D3-BF4B-00C04F79EFBC}") = "WorkTimeTracker", "WorkTimeTracker\WorkTimeTracker.csproj", "{34BAF4C4-11D9-47C2-AD09-DBD704AAC663}"
EndProject
Global
	GlobalSection(SolutionConfigurationPlatforms) = preSolution
		Debug|Any CPU = Debug|Any CPU
		Release|Any CPU = Release|Any CPU
	EndGlobalSection
	GlobalSection(ProjectConfigurationPlatforms) = postSolution
		{34BAF4C4-11D9-47C2-AD09-DBD704AAC663}.Debug|Any CPU.ActiveCfg = Debug|Any CPU
		{34BAF4C4-11D9-47C2-AD09-DBD704AAC663}.Debug|Any CPU.Build.0 = Debug|Any CPU
		{34BAF4C4-11D9-47C2-AD09-DBD704AAC663}.Release|Any CPU.ActiveCfg = Release|Any CPU
		{34BAF4C4-11D9-47C2-AD09-DBD704AAC663}.Release|Any CPU.Build.0 = Release|Any CPU
	EndGlobalSection
	GlobalSection(SolutionProperties) = preSolution
		HideSolutionNode = FALSE
	EndGlobalSection
	GlobalSection(ExtensibilityGlobals) = postSolution
		SolutionGuid = {E432BDF6-D2C1-467D-A252-264D8E54EB10}
	EndGlobalSection
EndGlobal
